{
  "name": "ulu",
  "version": "0.0.0",
  "lockfileVersion": 3,
  "requires": true,
  "packages": {
    "": {
      "name": "ulu",
      "version": "0.0.0",
      "dependencies": {
        "@tauri-apps/plugin-fs": "^2.0.0-beta.5",
        "beercss": "^3.5.8",
        "material-dynamic-colors": "^1.1.2"
      },
      "devDependencies": {
        "@tauri-apps/cli": ">=2.0.0-beta.0"
      }
    },
    "node_modules/@material/material-color-utilities": {
      "version": "0.2.7",
      "resolved": "https://registry.npmjs.org/@material/material-color-utilities/-/material-color-utilities-0.2.7.tgz",
      "integrity": "sha512-0FCeqG6WvK4/Cc06F/xXMd/pv4FeisI0c1tUpBbfhA2n9Y8eZEv4Karjbmf2ZqQCPUWMrGp8A571tCjizxoTiQ==",
      "license": "Apache-2.0"
    },
    "node_modules/@tauri-apps/api": {
      "version": "2.0.0-beta.13",
      "resolved": "https://registry.npmjs.org/@tauri-apps/api/-/api-2.0.0-beta.13.tgz",
      "integrity": "sha512-Np1opKANzRMF3lgJ9gDquBCB9SxlE2lRmNpVx1+L6RyzAmigkuh0ZulT5jMnDA3JLsuSDU135r/s4t/Pmx4atg==",
      "license": "Apache-2.0 OR MIT",
      "engines": {
        "node": ">= 18",
        "npm": ">= 6.6.0",
        "yarn": ">= 1.19.1"
      },
      "funding": {
        "type": "opencollective",
        "url": "https://opencollective.com/tauri"
      }
    },
    "node_modules/@tauri-apps/cli": {
      "version": "2.0.0-beta.20",
      "resolved": "https://registry.npmjs.org/@tauri-apps/cli/-/cli-2.0.0-beta.20.tgz",
      "integrity": "sha512-707q9uIc2oNrYHd2dtMvxTrpZXVpart5EIktnRymNOpphkLlB6WUBjHD+ga45WqTU6cNGKbYvkKqTNfshNul9Q==",
      "dev": true,
      "license": "Apache-2.0 OR MIT",
      "bin": {
        "tauri": "tauri.js"
      },
      "engines": {
        "node": ">= 10"
      },
      "funding": {
        "type": "opencollective",
        "url": "https://opencollective.com/tauri"
      },
      "optionalDependencies": {
        "@tauri-apps/cli-darwin-arm64": "2.0.0-beta.20",
        "@tauri-apps/cli-darwin-x64": "2.0.0-beta.20",
        "@tauri-apps/cli-linux-arm-gnueabihf": "2.0.0-beta.20",
        "@tauri-apps/cli-linux-arm64-gnu": "2.0.0-beta.20",
        "@tauri-apps/cli-linux-arm64-musl": "2.0.0-beta.20",
        "@tauri-apps/cli-linux-x64-gnu": "2.0.0-beta.20",
        "@tauri-apps/cli-linux-x64-musl": "2.0.0-beta.20",
        "@tauri-apps/cli-win32-arm64-msvc": "2.0.0-beta.20",
        "@tauri-apps/cli-win32-ia32-msvc": "2.0.0-beta.20",
        "@tauri-apps/cli-win32-x64-msvc": "2.0.0-beta.20"
      }
    },
    "node_modules/@tauri-apps/cli-darwin-arm64": {
      "version": "2.0.0-beta.20",
      "resolved": "https://registry.npmjs.org/@tauri-apps/cli-darwin-arm64/-/cli-darwin-arm64-2.0.0-beta.20.tgz",
      "integrity": "sha512-oCJOCib7GuYkwkBXx+ekamR8NZZU+2i3MLP+DHpDxK5gS2uhCE+CBkamJkNt6y1x6xdVnwyqZOm5RvN4SRtyIA==",
      "cpu": [
        "arm64"
      ],
      "dev": true,
      "license": "MIT",
      "optional": true,
      "os": [
        "darwin"
      ],
      "engines": {
        "node": ">= 10"
      }
    },
    "node_modules/@tauri-apps/cli-darwin-x64": {
      "version": "2.0.0-beta.20",
      "resolved": "https://registry.npmjs.org/@tauri-apps/cli-darwin-x64/-/cli-darwin-x64-2.0.0-beta.20.tgz",
      "integrity": "sha512-lC5QSnRExedYN4Ds6ZlSvC2PxP8qfIYBJQ5ktf+PJI5gQALdNeVtd6YnTG1ODCEklfLq9WKkGwp7JdALTU5wDA==",
      "cpu": [
        "x64"
      ],
      "dev": true,
      "license": "MIT",
      "optional": true,
      "os": [
        "darwin"
      ],
      "engines": {
        "node": ">= 10"
      }
    },
    "node_modules/@tauri-apps/cli-linux-arm-gnueabihf": {
      "version": "2.0.0-beta.20",
      "resolved": "https://registry.npmjs.org/@tauri-apps/cli-linux-arm-gnueabihf/-/cli-linux-arm-gnueabihf-2.0.0-beta.20.tgz",
      "integrity": "sha512-nZCeBMHHye5DLOJV5k2w658hnCS+LYaOZ8y/G9l3ei+g0L/HBjlSy6r4simsAT5TG8+l3oCZzLBngfTMdDS/YA==",
      "cpu": [
        "arm"
      ],
      "dev": true,
      "license": "MIT",
      "optional": true,
      "os": [
        "linux"
      ],
      "engines": {
        "node": ">= 10"
      }
    },
    "node_modules/@tauri-apps/cli-linux-arm64-gnu": {
      "version": "2.0.0-beta.20",
      "resolved": "https://registry.npmjs.org/@tauri-apps/cli-linux-arm64-gnu/-/cli-linux-arm64-gnu-2.0.0-beta.20.tgz",
      "integrity": "sha512-B79ISVLPVBgwnCchVqwTKU+vxnFYqxKomcR4rmsvxfs0NVtT5QuNzE1k4NUQnw3966yjwhYR3mnHsSJQSB4Eyw==",
      "cpu": [
        "arm64"
      ],
      "dev": true,
      "license": "MIT",
      "optional": true,
      "os": [
        "linux"
      ],
      "engines": {
        "node": ">= 10"
      }
    },
    "node_modules/@tauri-apps/cli-linux-arm64-musl": {
      "version": "2.0.0-beta.20",
      "resolved": "https://registry.npmjs.org/@tauri-apps/cli-linux-arm64-musl/-/cli-linux-arm64-musl-2.0.0-beta.20.tgz",
      "integrity": "sha512-ojIkv/1uZHhcrgfIN8xgn4BBeo/Xg+bnV0wer6lD78zyxkUMWeEZ+u3mae1ejCJNhhaZOxNaUQ67MvDOiGyr5Q==",
      "cpu": [
        "arm64"
      ],
      "dev": true,
      "license": "MIT",
      "optional": true,
      "os": [
        "linux"
      ],
      "engines": {
        "node": ">= 10"
      }
    },
    "node_modules/@tauri-apps/cli-linux-x64-gnu": {
      "version": "2.0.0-beta.20",
      "resolved": "https://registry.npmjs.org/@tauri-apps/cli-linux-x64-gnu/-/cli-linux-x64-gnu-2.0.0-beta.20.tgz",
      "integrity": "sha512-xBy1FNbHKlc7T6pOmFQQPECxJaI5A9QWX7Kb9N64cNVusoOGlvc3xHYkXMS4PTr7xXOT0yiE1Ww2OwDRJ3lYsg==",
      "cpu": [
        "x64"
      ],
      "dev": true,
      "license": "MIT",
      "optional": true,
      "os": [
        "linux"
      ],
      "engines": {
        "node": ">= 10"
      }
    },
    "node_modules/@tauri-apps/cli-linux-x64-musl": {
      "version": "2.0.0-beta.20",
      "resolved": "https://registry.npmjs.org/@tauri-apps/cli-linux-x64-musl/-/cli-linux-x64-musl-2.0.0-beta.20.tgz",
      "integrity": "sha512-+O6zq5jmtUxA1FUAAwF2ywPysy4NRo2Y6G+ESZDkY9XosRwdt5OUjqAsYktZA3AxDMZVei8r9buwTqUwi9ny/g==",
      "cpu": [
        "x64"
      ],
      "dev": true,
      "license": "MIT",
      "optional": true,
      "os": [
        "linux"
      ],
      "engines": {
        "node": ">= 10"
      }
    },
    "node_modules/@tauri-apps/cli-win32-arm64-msvc": {
      "version": "2.0.0-beta.20",
      "resolved": "https://registry.npmjs.org/@tauri-apps/cli-win32-arm64-msvc/-/cli-win32-arm64-msvc-2.0.0-beta.20.tgz",
      "integrity": "sha512-RswgMbWyOQcv53CHvIuiuhAh4kKDqaGyZfWD4VlxqX/XhkoF5gsNgr0MxzrY7pmoL+89oVI+fiGVJz4nOQE5vA==",
      "cpu": [
        "arm64"
      ],
      "dev": true,
      "license": "MIT",
      "optional": true,
      "os": [
        "win32"
      ],
      "engines": {
        "node": ">= 10"
      }
    },
    "node_modules/@tauri-apps/cli-win32-ia32-msvc": {
      "version": "2.0.0-beta.20",
      "resolved": "https://registry.npmjs.org/@tauri-apps/cli-win32-ia32-msvc/-/cli-win32-ia32-msvc-2.0.0-beta.20.tgz",
      "integrity": "sha512-5lgWmDVXhX3SBGbiv5SduM1yajiRnUEJClWhSdRrEEJeXdsxpCsBEhxYnUnDCEzPKxLLn5fdBv3VrVctJ03csQ==",
      "cpu": [
        "ia32"
      ],
      "dev": true,
      "license": "MIT",
      "optional": true,
      "os": [
        "win32"
      ],
      "engines": {
        "node": ">= 10"
      }
    },
    "node_modules/@tauri-apps/cli-win32-x64-msvc": {
      "version": "2.0.0-beta.20",
      "resolved": "https://registry.npmjs.org/@tauri-apps/cli-win32-x64-msvc/-/cli-win32-x64-msvc-2.0.0-beta.20.tgz",
      "integrity": "sha512-SuSiiVQTQPSzWlsxQp/NMzWbzDS9TdVDOw7CCfgiG5wnT2GsxzrcIAVN6i7ILsVFLxrjr0bIgPldSJcdcH84Yw==",
      "cpu": [
        "x64"
      ],
      "dev": true,
      "license": "MIT",
      "optional": true,
      "os": [
        "win32"
      ],
      "engines": {
        "node": ">= 10"
      }
    },
    "node_modules/@tauri-apps/plugin-fs": {
      "version": "2.0.0-beta.5",
      "resolved": "https://registry.npmjs.org/@tauri-apps/plugin-fs/-/plugin-fs-2.0.0-beta.5.tgz",
      "integrity": "sha512-uTqCDFA1z8KDtTe5fKlbRrKV4zxh63UVUvD/PR8GnyNLV+qxj/fEuJuGvMdfMbVKrTljGqSpun5wnP5jqD5fMg==",
      "license": "MIT or APACHE-2.0",
      "dependencies": {
        "@tauri-apps/api": "2.0.0-beta.13"
      }
    },
    "node_modules/beercss": {
      "version": "3.5.8",
      "resolved": "https://registry.npmjs.org/beercss/-/beercss-3.5.8.tgz",
      "integrity": "sha512-NZEyV1IhvYXwvQ8JvkOJYe4iLh7YONpcTKhCEvn9DM8xHbAywfE/fpFxeDgkFuaU+rTlwNUxa6DY2feljKVI1g==",
      "license": "MIT",
      "dependencies": {
        "material-dynamic-colors": "^1.1.1"
      }
    },
    "node_modules/material-dynamic-colors": {
      "version": "1.1.2",
      "resolved": "https://registry.npmjs.org/material-dynamic-colors/-/material-dynamic-colors-1.1.2.tgz",
      "integrity": "sha512-8KD0jrPTFs2x06UJWbvkg6E0HyzFjrvS5oOc2DsXzIEOqZTbb3ruLMUhNuPSl8WeHA/O/RTAlTLcxqYXJzYwPA==",
      "license": "MIT",
      "dependencies": {
        "@material/material-color-utilities": "^0.2.7"
      },
      "bin": {
        "material-dynamic-colors": "cli.js"
      }
    }
  }
}
